
Microsoft Visual Studio Solution File, Format Version 12.00
# Visual Studio Version 17
VisualStudioVersion = 17.13.35931.197 d17.13
MinimumVisualStudioVersion = 10.0.40219.1
Project("{8BC9CEB8-8B4A-11D0-8D11-00A0C91BC942}") = "mt3_kakunin1_1", "mt3_kakunin1_1.vcxproj", "{9E2F4859-258E-48AB-9865-80C535F2B95D}"
EndProject
Global
	GlobalSection(SolutionConfigurationPlatforms) = preSolution
		Debug|x64 = Debug|x64
		Release|x64 = Release|x64
	EndGlobalSection
	GlobalSection(ProjectConfigurationPlatforms) = postSolution
		{9E2F4859-258E-48AB-9865-80C535F2B95D}.Debug|x64.ActiveCfg = Debug|x64
		{9E2F4859-258E-48AB-9865-80C535F2B95D}.Debug|x64.Build.0 = Debug|x64
		{9E2F4859-258E-48AB-9865-80C535F2B95D}.Release|x64.ActiveCfg = Release|x64
		{9E2F4859-258E-48AB-9865-80C535F2B95D}.Release|x64.Build.0 = Release|x64
	EndGlobalSection
	GlobalSection(SolutionProperties) = preSolution
		HideSolutionNode = FALSE
	EndGlobalSection
	GlobalSection(ExtensibilityGlobals) = postSolution
		SolutionGuid = {A3C5001D-6650-4C72-BB8E-460A530107F6}
	EndGlobalSection
EndGlobal
